# THIS IS AN AUTOGENERATED FILE. DO NOT EDIT THIS FILE DIRECTLY.
# yarn lockfile v1


"@types/events@*":
  version "1.2.0"
  resolved "https://registry.yarnpkg.com/@types/events/-/events-1.2.0.tgz#81a6731ce4df43619e5c8c945383b3e62a89ea86"

"@types/node@*", "@types/node@^10.3.4":
  version "10.3.6"
  resolved "https://registry.yarnpkg.com/@types/node/-/node-10.3.6.tgz#ea8aab9439b59f40d19ec5f13b44642344872b11"

"@types/redis@^2.8.6":
  version "2.8.6"
  resolved "https://registry.yarnpkg.com/@types/redis/-/redis-2.8.6.tgz#3674d07a13ad76bccda4c37dc3909e4e95757e7e"
  dependencies:
    "@types/events" "*"
    "@types/node" "*"

double-ended-queue@^2.1.0-0:
  version "2.1.0-0"
  resolved "https://registry.yarnpkg.com/double-ended-queue/-/double-ended-queue-2.1.0-0.tgz#103d3527fd31528f40188130c841efdd78264e5c"

redis-commands@^1.2.0:
  version "1.3.5"
  resolved "https://registry.yarnpkg.com/redis-commands/-/redis-commands-1.3.5.tgz#4495889414f1e886261180b1442e7295602d83a2"

redis-parser@^2.6.0:
  version "2.6.0"
  resolved "https://registry.yarnpkg.com/redis-parser/-/redis-parser-2.6.0.tgz#52ed09dacac108f1a631c07e9b69941e7a19504b"

redis@^2.8.0:
  version "2.8.0"
  resolved "https://registry.yarnpkg.com/redis/-/redis-2.8.0.tgz#202288e3f58c49f6079d97af7a10e1303ae14b02"
  dependencies:
    double-ended-queue "^2.1.0-0"
    redis-commands "^1.2.0"
    redis-parser "^2.6.0"

yeezy-cache@^0.3.0:
  version "0.3.0"
  resolved "https://registry.yarnpkg.com/yeezy-cache/-/yeezy-cache-0.3.0.tgz#bdb138e2be5d22d1fa456b3252a3bc7d920142ed"
